<?xml version="1.0" encoding="UTF-8" standalone="yes" ?>
<CodeBlocks_project_file>
	<FileVersion major="1" minor="6" />
	<Project>
		<Option title="libWiredWahwah" />
		<Option pch_mode="2" />
		<Option compiler="gcc" />
		<Build>
			<Target title="Debug">
				<Option output=".\bin\plugins\libWiredWahwah" prefix_auto="1" extension_auto="1" />
				<Option object_output="obj\Debug\" />
				<Option type="3" />
				<Option compiler="gcc" />
				<Compiler>
					<Add option="-g" />
				</Compiler>
			</Target>
			<Target title="Release">
				<Option output=".\bin\plugins\libWiredWahwah" prefix_auto="1" extension_auto="1" />
				<Option object_output="obj\Release\" />
				<Option type="3" />
				<Option compiler="gcc" />
				<Compiler>
					<Add option="-O2" />
				</Compiler>
				<Linker>
					<Add option="-s" />
				</Linker>
			</Target>
		</Build>
		<Compiler>
			<Add option="-Wall" />
			<Add option="-DWXUSINGDLL" />
			<Add option="-D__WXMSW__" />
			<Add directory="..\..\src\redist" />
			<Add directory="..\..\src\libs\WiredWidgets\src" />
			<Add directory="..\..\src\midi" />
			<Add directory="..\..\src\save" />
			<Add directory="..\..\src\xml" />
		</Compiler>
		<Linker>
			<Add library="wx_msw-2.8" />
			<Add library="WiredWidgets" />
			<Add directory="bin" />
		</Linker>
		<Unit filename="..\..\src\plugins\wahwah\WahwahPlug.cpp" />
		<Unit filename="..\..\src\plugins\wahwah\WahwahPlug.h" />
		<Unit filename="..\..\src\redist\Plugin.cpp" />
		<Unit filename="..\..\src\redist\Plugin.h" />
		<Extensions>
			<code_completion />
			<debugger />
		</Extensions>
	</Project>
</CodeBlocks_project_file>
