<?xml version="1.0" encoding="UTF-8" standalone="yes" ?>
<CodeBlocks_project_file>
	<FileVersion major="1" minor="6" />
	<Project>
		<Option title="wired" />
		<Option pch_mode="2" />
		<Option compiler="gcc" />
		<Build>
			<Target title="Debug">
				<Option output=".\bin\wired.exe" prefix_auto="1" extension_auto="1" />
				<Option working_dir=".\bin\" />
				<Option object_output="obj\Debug\" />
				<Option type="1" />
				<Option compiler="gcc" />
				<Compiler>
					<Add option="-g" />
					<Add option="-DDEBUG_MAINAPP" />
					<Add option="-DDEBUG_MLTREE" />
					<Add option="-DDEBUG_MAINWINDOW" />
					<Add option="-DDEBUG_UNDO" />
					<Add option="-DDEBUG_SEQUENCER" />
					<Add option="-DDEBUG_SEQUENCERGUI" />
					<Add option="-DDEBUG_TRACK" />
				</Compiler>
			</Target>
			<Target title="Release">
				<Option output=".\bin\wired.exe" prefix_auto="1" extension_auto="1" />
				<Option working_dir=".\bin\" />
				<Option object_output="obj\Release\" />
				<Option type="1" />
				<Option compiler="gcc" />
				<Compiler>
					<Add option="-O2" />
				</Compiler>
				<Linker>
					<Add option="-s" />
				</Linker>
			</Target>
		</Build>
		<Compiler>
			<Add option="-Wall" />
			<Add option="-fexceptions" />
			<Add option="-DWXUSINGDLL" />
			<Add option="-D__WXMSW__" />
			<Add directory="..\..\win32" />
			<Add directory="..\..\src\libs\WiredAkai\include" />
			<Add directory="..\..\src\sequencer" />
			<Add directory="..\..\src\save" />
			<Add directory="..\..\src\gui" />
			<Add directory="..\..\src\audio" />
			<Add directory="..\..\src\codec" />
			<Add directory="..\..\src\midi" />
			<Add directory="..\..\src\engine" />
			<Add directory="..\..\src\plugins" />
			<Add directory="..\..\src\redist" />
			<Add directory="..\..\src\libs\WiredWidgets\src" />
			<Add directory="..\..\src\xml" />
			<Add directory="..\..\src\mixer" />
			<Add directory="..\..\src\fileloader" />
			<Add directory="..\..\src" />
			<Add directory="..\..\src\editmidi" />
			<Add directory="..\..\src\undo" />
			<Add directory="..\..\src\wiredvideo" />
			<Add directory="..\..\src\samplerate" />
			<Add directory="..\..\src\dssi" />
		</Compiler>
		<ResourceCompiler>
			<Add directory=".." />
		</ResourceCompiler>
		<Linker>
			<Add library="wx_msw-2.8" />
			<Add library="WiredWidgets" />
			<Add library="WiredAkai" />
			<Add library="samplerate" />
			<Add library="SoundTouch" />
			<Add library="sndfile" />
			<Add library="portaudio" />
			<Add library="portmidi" />
			<Add library="xml2" />
			<Add library="winmm" />
			<Add library="wsock32" />
			<Add directory=".\bin" />
		</Linker>
		<Unit filename="..\..\src\audio\ClipBoard.cpp" />
		<Unit filename="..\..\src\audio\ClipBoard.h" />
		<Unit filename="..\..\src\audio\WaveFile.cpp" />
		<Unit filename="..\..\src\audio\WaveFile.h" />
		<Unit filename="..\..\src\audio\WriteWaveFile.cpp" />
		<Unit filename="..\..\src\audio\WriteWaveFile.h" />
		<Unit filename="..\..\src\codec\WiredCodec.cpp" />
		<Unit filename="..\..\src\codec\WiredCodec.h" />
		<Unit filename="..\..\src\codec\wiredcodec\WiredApiCodec.h" />
		<Unit filename="..\..\src\codec\wiredcodec\flac\WiredLibFlac.h" />
		<Unit filename="..\..\src\codec\wiredcodec\mpeg\WiredLibMpeg.h" />
		<Unit filename="..\..\src\codec\wiredcodec\mpeg\libmpeg3.h" />
		<Unit filename="..\..\src\codec\wiredcodec\mpeg\mpeg3private.h" />
		<Unit filename="..\..\src\codec\wiredcodec\vorbis\WiredLibVorbis.h" />
		<Unit filename="..\..\src\codec\wiredcodec\vorbis\codec.h" />
		<Unit filename="..\..\src\codec\wiredcodec\vorbis\ogg.h" />
		<Unit filename="..\..\src\codec\wiredcodec\vorbis\vorbisfile.h" />
		<Unit filename="..\..\src\debug.h" />
		<Unit filename="..\..\src\dssi\WiredExternalPlugin.cpp" />
		<Unit filename="..\..\src\dssi\WiredExternalPlugin.h" />
		<Unit filename="..\..\src\dssi\WiredExternalPluginGui.cpp" />
		<Unit filename="..\..\src\dssi\WiredExternalPluginGui.h" />
		<Unit filename="..\..\src\dssi\WiredExternalPluginLADSPA.cpp" />
		<Unit filename="..\..\src\dssi\WiredExternalPluginLADSPA.h" />
		<Unit filename="..\..\src\dssi\WiredExternalPluginMgr.cpp" />
		<Unit filename="..\..\src\dssi\WiredExternalPluginMgr.h" />
		<Unit filename="..\..\src\dssi\dssi.h" />
		<Unit filename="..\..\src\dssi\ladspa.h" />
		<Unit filename="..\..\src\editmidi\Clavier.cpp" />
		<Unit filename="..\..\src\editmidi\Clavier.h" />
		<Unit filename="..\..\src\editmidi\EditMidi.cpp" />
		<Unit filename="..\..\src\editmidi\EditMidi.h" />
		<Unit filename="..\..\src\editmidi\EditNote.cpp" />
		<Unit filename="..\..\src\editmidi\EditNote.h" />
		<Unit filename="..\..\src\editmidi\Key.cpp" />
		<Unit filename="..\..\src\editmidi\Key.h" />
		<Unit filename="..\..\src\editmidi\MidiAttr.cpp" />
		<Unit filename="..\..\src\editmidi\MidiAttr.h" />
		<Unit filename="..\..\src\editmidi\MidiPart.cpp" />
		<Unit filename="..\..\src\editmidi\MidiPart.h" />
		<Unit filename="..\..\src\editmidi\Note.cpp" />
		<Unit filename="..\..\src\editmidi\Note.h" />
		<Unit filename="..\..\src\editmidi\RulerMidi.cpp" />
		<Unit filename="..\..\src\editmidi\RulerMidi.h" />
		<Unit filename="..\..\src\engine\AudioCenter.cpp" />
		<Unit filename="..\..\src\engine\AudioCenter.h" />
		<Unit filename="..\..\src\engine\AudioEngine.cpp" />
		<Unit filename="..\..\src\engine\AudioEngine.h" />
		<Unit filename="..\..\src\engine\Device.cpp" />
		<Unit filename="..\..\src\engine\Device.h" />
		<Unit filename="..\..\src\engine\EngineError.h" />
		<Unit filename="..\..\src\engine\RingBuffer.h" />
		<Unit filename="..\..\src\engine\RingBuffer.hxx" />
		<Unit filename="..\..\src\engine\RingError.h" />
		<Unit filename="..\..\src\engine\Settings.cpp" />
		<Unit filename="..\..\src\engine\Settings.h" />
		<Unit filename="..\..\src\engine\version.h" />
		<Unit filename="..\..\src\error.hh" />
		<Unit filename="..\..\src\fileloader\FileStat.cpp" />
		<Unit filename="..\..\src\fileloader\FileStat.h" />
		<Unit filename="..\..\src\fileloader\TreeItemData.cpp" />
		<Unit filename="..\..\src\fileloader\TreeItemData.h" />
		<Unit filename="..\..\src\gui\AccelCenter.cpp" />
		<Unit filename="..\..\src\gui\AccelCenter.h" />
		<Unit filename="..\..\src\gui\AudioPattern.cpp" />
		<Unit filename="..\..\src\gui\AudioPattern.h" />
		<Unit filename="..\..\src\gui\AutomationTrack.cpp" />
		<Unit filename="..\..\src\gui\AutomationTrack.h" />
		<Unit filename="..\..\src\gui\ChannelGui.cpp" />
		<Unit filename="..\..\src\gui\ChannelGui.h" />
		<Unit filename="..\..\src\gui\ColoredBox.cpp" />
		<Unit filename="..\..\src\gui\ColoredBox.h" />
		<Unit filename="..\..\src\gui\ColoredLine.cpp" />
		<Unit filename="..\..\src\gui\ColoredLine.h" />
		<Unit filename="..\..\src\gui\Colour.h" />
		<Unit filename="..\..\src\gui\Cursor.cpp" />
		<Unit filename="..\..\src\gui\Cursor.h" />
		<Unit filename="..\..\src\gui\FileConversion.cpp" />
		<Unit filename="..\..\src\gui\FileConversion.h" />
		<Unit filename="..\..\src\gui\FloatingFrame.cpp" />
		<Unit filename="..\..\src\gui\FloatingFrame.h" />
		<Unit filename="..\..\src\gui\HelpCtrl.cpp" />
		<Unit filename="..\..\src\gui\HelpCtrl.h" />
		<Unit filename="..\..\src\gui\HelpPanel.cpp" />
		<Unit filename="..\..\src\gui\HelpPanel.h" />
		<Unit filename="..\..\src\gui\LedButton.h" />
		<Unit filename="..\..\src\gui\MLTraverser.cpp" />
		<Unit filename="..\..\src\gui\MLTraverser.h" />
		<Unit filename="..\..\src\gui\MLTree.cpp" />
		<Unit filename="..\..\src\gui\MLTree.h" />
		<Unit filename="..\..\src\gui\MLTreeInfos.cpp" />
		<Unit filename="..\..\src\gui\MLTreeInfos.h" />
		<Unit filename="..\..\src\gui\MainApp.cpp" />
		<Unit filename="..\..\src\gui\MainApp.h" />
		<Unit filename="..\..\src\gui\MainWindow.cpp" />
		<Unit filename="..\..\src\gui\MainWindow.h" />
		<Unit filename="..\..\src\gui\MediaLibrary.cpp" />
		<Unit filename="..\..\src\gui\MediaLibrary.h" />
		<Unit filename="..\..\src\gui\MidiPattern.cpp" />
		<Unit filename="..\..\src\gui\MidiPattern.h" />
		<Unit filename="..\..\src\gui\MixerGui.cpp" />
		<Unit filename="..\..\src\gui\MixerGui.h" />
		<Unit filename="..\..\src\gui\OptionPanel.cpp" />
		<Unit filename="..\..\src\gui\OptionPanel.h" />
		<Unit filename="..\..\src\gui\Pattern.cpp" />
		<Unit filename="..\..\src\gui\Pattern.h" />
		<Unit filename="..\..\src\gui\PluginEffect.cpp" />
		<Unit filename="..\..\src\gui\PluginEffect.h" />
		<Unit filename="..\..\src\gui\Rack.cpp" />
		<Unit filename="..\..\src\gui\Rack.h" />
		<Unit filename="..\..\src\gui\Ruler.cpp" />
		<Unit filename="..\..\src\gui\Ruler.h" />
		<Unit filename="..\..\src\gui\SelectionZone.cpp" />
		<Unit filename="..\..\src\gui\SelectionZone.h" />
		<Unit filename="..\..\src\gui\SeqTrack.cpp" />
		<Unit filename="..\..\src\gui\SeqTrack.h" />
		<Unit filename="..\..\src\gui\SequencerGui.cpp" />
		<Unit filename="..\..\src\gui\SequencerGui.h" />
		<Unit filename="..\..\src\gui\SequencerView.cpp" />
		<Unit filename="..\..\src\gui\SequencerView.h" />
		<Unit filename="..\..\src\gui\SettingWindow.cpp" />
		<Unit filename="..\..\src\gui\SettingWindow.h" />
		<Unit filename="..\..\src\gui\StaticLabel.cpp" />
		<Unit filename="..\..\src\gui\StaticLabel.h" />
		<Unit filename="..\..\src\gui\Threads.h" />
		<Unit filename="..\..\src\gui\Transport.cpp" />
		<Unit filename="..\..\src\gui\Transport.h" />
		<Unit filename="..\..\src\gui\WaveDrawer.cpp" />
		<Unit filename="..\..\src\gui\WaveDrawer.h" />
		<Unit filename="..\..\src\gui\WaveEditor.cpp" />
		<Unit filename="..\..\src\gui\WaveEditor.h" />
		<Unit filename="..\..\src\gui\WaveEditorDrawer.cpp" />
		<Unit filename="..\..\src\gui\WaveEditorDrawer.h" />
		<Unit filename="..\..\src\gui\WavePanel.cpp" />
		<Unit filename="..\..\src\gui\WavePanel.h" />
		<Unit filename="..\..\src\gui\WaveView.cpp" />
		<Unit filename="..\..\src\gui\WaveView.h" />
		<Unit filename="..\..\src\libs\WiredAkai\include\akai.h" />
		<Unit filename="..\..\src\midi\MidiController.cpp" />
		<Unit filename="..\..\src\midi\MidiController.h" />
		<Unit filename="..\..\src\midi\MidiDevice.cpp" />
		<Unit filename="..\..\src\midi\MidiDevice.h" />
		<Unit filename="..\..\src\midi\MidiFile.cpp" />
		<Unit filename="..\..\src\midi\MidiFile.h" />
		<Unit filename="..\..\src\midi\MidiInDevice.cpp" />
		<Unit filename="..\..\src\midi\MidiInDevice.h" />
		<Unit filename="..\..\src\midi\MidiThread.cpp" />
		<Unit filename="..\..\src\midi\MidiThread.h" />
		<Unit filename="..\..\src\midi\midi.h" />
		<Unit filename="..\..\src\mixer\Channel.cpp" />
		<Unit filename="..\..\src\mixer\Channel.h" />
		<Unit filename="..\..\src\mixer\Mixer.cpp" />
		<Unit filename="..\..\src\mixer\Mixer.h" />
		<Unit filename="..\..\src\mixer\MixerError.h" />
		<Unit filename="..\..\src\plugins\HostCallback.cpp" />
		<Unit filename="..\..\src\plugins\HostCallback.h" />
		<Unit filename="..\..\src\plugins\PluginLoader.cpp" />
		<Unit filename="..\..\src\plugins\PluginLoader.h" />
		<Unit filename="..\..\src\redist\Plugin.cpp" />
		<Unit filename="..\..\src\redist\Plugin.h" />
		<Unit filename="..\..\src\redist\Polyphony.cpp" />
		<Unit filename="..\..\src\redist\Polyphony.h" />
		<Unit filename="..\..\src\samplerate\WiredSampleRate.cpp" />
		<Unit filename="..\..\src\samplerate\WiredSampleRate.h" />
		<Unit filename="..\..\src\samplerate\WiredSampleRateTypes.cpp" />
		<Unit filename="..\..\src\save\SaveCenter.cpp" />
		<Unit filename="..\..\src\save\SaveCenter.h" />
		<Unit filename="..\..\src\save\WiredDocument.cpp" />
		<Unit filename="..\..\src\save\WiredDocument.h" />
		<Unit filename="..\..\src\sequencer\SeqTrackPattern.cpp" />
		<Unit filename="..\..\src\sequencer\SeqTrackPattern.h" />
		<Unit filename="..\..\src\sequencer\Sequencer.cpp" />
		<Unit filename="..\..\src\sequencer\Sequencer.h" />
		<Unit filename="..\..\src\sequencer\Track.cpp" />
		<Unit filename="..\..\src\sequencer\Track.h" />
		<Unit filename="..\..\src\undo\Visitor.cpp" />
		<Unit filename="..\..\src\undo\Visitor.h" />
		<Unit filename="..\..\src\undo\cAction.cpp" />
		<Unit filename="..\..\src\undo\cAction.h" />
		<Unit filename="..\..\src\undo\cActionManager.cpp" />
		<Unit filename="..\..\src\undo\cActionManager.h" />
		<Unit filename="..\..\src\undo\cAddTrackAction.h" />
		<Unit filename="..\..\src\undo\cImportMidiAction.cpp" />
		<Unit filename="..\..\src\undo\cImportMidiAction.h" />
		<Unit filename="..\..\src\wiredvideo\WiredMplayer.cpp" />
		<Unit filename="..\..\src\wiredvideo\WiredMplayer.h" />
		<Unit filename="..\..\src\wiredvideo\WiredVideo.cpp" />
		<Unit filename="..\..\src\wiredvideo\WiredVideo.h" />
		<Unit filename="..\..\src\xml\WiredXml.cpp" />
		<Unit filename="..\..\src\xml\WiredXml.h" />
		<Unit filename="..\resource.rc">
			<Option compilerVar="WINDRES" />
		</Unit>
		<Extensions>
			<code_completion />
		</Extensions>
	</Project>
</CodeBlocks_project_file>
